
Microsoft Visual Studio Solution File, Format Version 12.00
# Visual Studio 2013
VisualStudioVersion = 12.0.21005.1
MinimumVisualStudioVersion = 10.0.40219.1
Project("{8BC9CEB8-8B4A-11D0-8D11-00A0C91BC942}") = "patchframe", "patchframe\patchframe.vcxproj", "{E6314B01-F290-482B-BAFB-A41BC62FD902}"
EndProject
Project("{8BC9CEB8-8B4A-11D0-8D11-00A0C91BC942}") = "ldr", "ldr\ldr.vcxproj", "{2681AAAD-1929-4AB5-9741-ED7F7D6E7D96}"
EndProject
Global
	GlobalSection(SolutionConfigurationPlatforms) = preSolution
		Debug|Win32 = Debug|Win32
		Release|Win32 = Release|Win32
	EndGlobalSection
	GlobalSection(ProjectConfigurationPlatforms) = postSolution
		{E6314B01-F290-482B-BAFB-A41BC62FD902}.Debug|Win32.ActiveCfg = Debug|Win32
		{E6314B01-F290-482B-BAFB-A41BC62FD902}.Debug|Win32.Build.0 = Debug|Win32
		{E6314B01-F290-482B-BAFB-A41BC62FD902}.Release|Win32.ActiveCfg = Release|Win32
		{E6314B01-F290-482B-BAFB-A41BC62FD902}.Release|Win32.Build.0 = Release|Win32
		{2681AAAD-1929-4AB5-9741-ED7F7D6E7D96}.Debug|Win32.ActiveCfg = Debug|Win32
		{2681AAAD-1929-4AB5-9741-ED7F7D6E7D96}.Debug|Win32.Build.0 = Debug|Win32
		{2681AAAD-1929-4AB5-9741-ED7F7D6E7D96}.Release|Win32.ActiveCfg = Release|Win32
		{2681AAAD-1929-4AB5-9741-ED7F7D6E7D96}.Release|Win32.Build.0 = Release|Win32
	EndGlobalSection
	GlobalSection(SolutionProperties) = preSolution
		HideSolutionNode = FALSE
	EndGlobalSection
EndGlobal
